banners/banner-croissante.webp	https://davidan.md/cdn/shop/files/380520837_610910601256167_1781447760104501231_n.jpg	w=900 q=80
banners/banner-deserturi.webp	https://davidan.md/cdn/shop/files/banner_DaviDan.webp	w=900 q=80
brand/logo-davidan.webp	https://davidan.md/cdn/shop/files/Captura_de_ecran_din_2024-08-23_la_16.18.19-removebg-preview.png	w=600 q=90
products/americano.webp	https://davidan.md/cdn/shop/products/AD6D808D-7AA9-476F-ABFB-E2F89ACDEFCA.jpg	w=800 q=80
products/apa-davidan-carbogazoasa.webp	https://davidan.md/cdn/shop/files/davidan_1_3.png	w=800 q=80
products/apa-davidan-plata.webp	https://davidan.md/cdn/shop/files/davidan_1_2.png	w=800 q=80
products/ceai-natural.webp	https://davidan.md/cdn/shop/products/F62FFA84-C53D-44B7-8569-ACF6F28855FE.jpg	w=800 q=80
products/ciocolata-fierbinte-lapte.webp	https://davidan.md/cdn/shop/products/04F7132A-A4E0-400B-BBE9-2255D8B99380.jpg	w=800 q=80
products/ciocolata-fierbinte.webp	https://davidan.md/cdn/shop/products/533B085B-B157-40B2-ABB4-1B11662278DD.jpg	w=800 q=80
products/coca-cola.webp	https://davidan.md/cdn/shop/files/fanta11.png	w=800 q=80
products/crenvursca-aluat.webp	https://davidan.md/cdn/shop/files/crenvushcainaluat.jpg	w=800 q=80
products/croissant-ciocolata.webp	https://davidan.md/cdn/shop/files/Croisant_cu_ciocolata_-_19_Lei.jpg	w=800 q=80
products/croissant-duo.webp	https://davidan.md/cdn/shop/files/CroisantDuo-25Lei.jpg	w=800 q=80
products/croissant-fistic.webp	https://davidan.md/cdn/shop/files/Croisantcufistic-22Lei.jpg	w=800 q=80
products/danish-fructe-padure-vanilie.webp	https://davidan.md/cdn/shop/files/danish.jpg	w=800 q=80
products/donuts-oreo.webp	https://davidan.md/cdn/shop/files/DonutsOreo-24Lei.jpg	w=800 q=80
products/ebi-roll.webp	https://davidan.md/cdn/shop/files/Ebi-Roll-min-768x512_png.webp	w=800 q=80
products/espresso.webp	https://davidan.md/cdn/shop/products/77A62573-71CB-44AD-ABA4-08AA902BA9CE.jpg	w=800 q=80
products/fanta.webp	https://davidan.md/cdn/shop/products/fanta11.jpg	w=800 q=80
products/flat-white.webp	https://davidan.md/cdn/shop/files/images.jpg	w=800 q=80
products/foietaj-picnic.webp	https://davidan.md/cdn/shop/files/foietaj.jpg	w=800 q=80
products/kurtos-arahide.webp	https://davidan.md/cdn/shop/files/Kurtos_cu_arahide_-_39_Lei.jpg	w=800 q=80
products/kurtos-ciocolata.webp	https://davidan.md/cdn/shop/files/Kurtos_cu_ciocolata_-_39_Lei.jpg	w=800 q=80
products/kurtos-cocos.webp	https://davidan.md/cdn/shop/files/Kurtos_cu_cocos_-_36_Lei.jpg	w=800 q=80
products/kurtos-fistic.webp	https://davidan.md/cdn/shop/files/KurtosFistic-59Lei.jpg	w=800 q=80
products/kurtos-rafaello.webp	https://davidan.md/cdn/shop/files/KurtosRafaello-55Lei.jpg	w=800 q=80
products/kurtos-scortisoara.webp	https://davidan.md/cdn/shop/files/Kurtos_cu_scortisoara_-_36_Lei.jpg	w=800 q=80
products/kurtos-vanilie.webp	https://davidan.md/cdn/shop/files/Kurtos_cu_vanilie_-_36_Lei.jpg	w=800 q=80
products/macchiato.webp	https://davidan.md/cdn/shop/products/6AE4DE8B-9E71-42C3-8851-646B2E377251.jpg	w=800 q=80
products/muffin-orange.webp	https://davidan.md/cdn/shop/files/MuffinOrange-18.jpg	w=800 q=80
products/new-york-roll-ciocolata.webp	https://davidan.md/cdn/shop/files/NewYorkRolls-cuciocolata-39Lei.jpg	w=800 q=80
products/new-york-roll-fistic.webp	https://davidan.md/cdn/shop/files/NewYorkRolls-cufistic-39Lei.jpg	w=800 q=80
products/new-york-roll-mango-maracuja.webp	https://davidan.md/cdn/shop/files/NewYorkRolls-cumangosimaracuja-39Lei.jpg	w=800 q=80
products/new-york-roll-zmeura.webp	https://davidan.md/cdn/shop/files/NewYorkRolls-cuzmeura-39Lei.jpg	w=800 q=80
products/orez-pui.webp	https://davidan.md/cdn/shop/files/Orez-cu-pui.png	w=800 q=80
products/panini-muschi-porc.webp	https://davidan.md/cdn/shop/files/panini.jpg	w=800 q=80
products/pizza-piept-pui.webp	https://davidan.md/cdn/shop/files/pizza.jpg	w=800 q=80
products/placinta-branza-verdeata.webp	https://davidan.md/cdn/shop/files/placintacubranzasiverdeata.jpg	w=800 q=80
products/placinta-branza.webp	https://davidan.md/cdn/shop/files/placintacubranzaz.jpg	w=800 q=80
products/placinta-cartof.webp	https://davidan.md/cdn/shop/files/placintacucarto.jpg	w=800 q=80
products/placinta-mere.webp	https://davidan.md/cdn/shop/files/placintacumere_d0c48509-d22d-4137-961c-c0ec27622539.jpg	w=800 q=80
products/placinta-pui.webp	https://davidan.md/cdn/shop/files/placintacucarnedepui.jpg	w=800 q=80
products/placinta-varza.webp	https://davidan.md/cdn/shop/files/placintacubranza.jpg	w=800 q=80
products/placinta-visina.webp	https://davidan.md/cdn/shop/files/Gemini_Generated_Image_4uttai4uttai4uttcopy.jpg	w=800 q=80
products/pretzel-plombir-migdale.webp	https://davidan.md/cdn/shop/files/Pretzelcuplombirsimigdale-22Lei.jpg	w=800 q=80
products/sandwich-pui-crispy.webp	https://davidan.md/cdn/shop/files/puicrispy.jpg	w=800 q=80
products/sprite.webp	https://davidan.md/cdn/shop/products/sprite.jpg	w=800 q=80
